// !$*UTF8*$!
{
	archiveVersion = 1;
	classes = {
	};
	objectVersion = 55;
	objects = {

/* Begin PBXBuildFile section */
		663DE93D2856E15B00DED1E8 /* FinanceGoalsApp.swift in Sources */ = {isa = PBXBuildFile; fileRef = 663DE93C2856E15B00DED1E8 /* FinanceGoalsApp.swift */; };
		663DE93F2856E15B00DED1E8 /* ContentView.swift in Sources */ = {isa = PBXBuildFile; fileRef = 663DE93E2856E15B00DED1E8 /* ContentView.swift */; };
		663DE9412856E15C00DED1E8 /* Assets.xcassets in Resources */ = {isa = PBXBuildFile; fileRef = 663DE9402856E15C00DED1E8 /* Assets.xcassets */; };
		663DE9442856E15C00DED1E8 /* Preview Assets.xcassets in Resources */ = {isa = PBXBuildFile; fileRef = 663DE9432856E15C00DED1E8 /* Preview Assets.xcassets */; };
		663DE94D2856E34900DED1E8 /* GoalView.swift in Sources */ = {isa = PBXBuildFile; fileRef = 663DE94C2856E34900DED1E8 /* GoalView.swift */; };
		663DE94F2856E46E00DED1E8 /* Goal.swift in Sources */ = {isa = PBXBuildFile; fileRef = 663DE94E2856E46E00DED1E8 /* Goal.swift */; };
		663DE9512856EE4D00DED1E8 /* AddingGoalView.swift in Sources */ = {isa = PBXBuildFile; fileRef = 663DE9502856EE4D00DED1E8 /* AddingGoalView.swift */; };
/* End PBXBuildFile section */

/* Begin PBXFileReference section */
		663DE9392856E15B00DED1E8 /* FinanceGoals.app */ = {isa = PBXFileReference; explicitFileType = wrapper.application; includeInIndex = 0; path = FinanceGoals.app; sourceTree = BUILT_PRODUCTS_DIR; };
		663DE93C2856E15B00DED1E8 /* FinanceGoalsApp.swift */ = {isa = PBXFileReference; lastKnownFileType = sourcecode.swift; path = FinanceGoalsApp.swift; sourceTree = "<group>"; };
		663DE93E2856E15B00DED1E8 /* ContentView.swift */ = {isa = PBXFileReference; lastKnownFileType = sourcecode.swift; path = ContentView.swift; sourceTree = "<group>"; };
		663DE9402856E15C00DED1E8 /* Assets.xcassets */ = {isa = PBXFileReference; lastKnownFileType = folder.assetcatalog; path = Assets.xcassets; sourceTree = "<group>"; };
		663DE9432856E15C00DED1E8 /* Preview Assets.xcassets */ = {isa = PBXFileReference; lastKnownFileType = folder.assetcatalog; path = "Preview Assets.xcassets"; sourceTree = "<group>"; };
		663DE94C2856E34900DED1E8 /* GoalView.swift */ = {isa = PBXFileReference; lastKnownFileType = sourcecode.swift; path = GoalView.swift; sourceTree = "<group>"; };
		663DE94E2856E46E00DED1E8 /* Goal.swift */ = {isa = PBXFileReference; lastKnownFileType = sourcecode.swift; path = Goal.swift; sourceTree = "<group>"; };
		663DE9502856EE4D00DED1E8 /* AddingGoalView.swift */ = {isa = PBXFileReference; lastKnownFileType = sourcecode.swift; path = AddingGoalView.swift; sourceTree = "<group>"; };
/* End PBXFileReference section */

/* Begin PBXFrameworksBuildPhase section */
		663DE9362856E15B00DED1E8 /* Frameworks */ = {
			isa = PBXFrameworksBuildPhase;
			buildActionMask = 2147483647;
			files = (
			);
			runOnlyForDeploymentPostprocessing = 0;
		};
/* End PBXFrameworksBuildPhase section */

/* Begin PBXGroup section */
		663DE9302856E15B00DED1E8 = {
			isa = PBXGroup;
			children = (
				663DE93B2856E15B00DED1E8 /* FinanceGoals */,
				663DE93A2856E15B00DED1E8 /* Products */,
			);
			sourceTree = "<group>";
		};
		663DE93A2856E15B00DED1E8 /* Products */ = {
			isa = PBXGroup;
			children = (
				663DE9392856E15B00DED1E8 /* FinanceGoals.app */,
			);
			name = Products;
			sourceTree = "<group>";
		};
		663DE93B2856E15B00DED1E8 /* FinanceGoals */ = {
			isa = PBXGroup;
			children = (
				663DE93C2856E15B00DED1E8 /* FinanceGoalsApp.swift */,
				663DE94A2856E1F700DED1E8 /* Views */,
				663DE9402856E15C00DED1E8 /* Assets.xcassets */,
				663DE9422856E15C00DED1E8 /* Preview Content */,
			);
			path = FinanceGoals;
			sourceTree = "<group>";
		};
		663DE9422856E15C00DED1E8 /* Preview Content */ = {
			isa = PBXGroup;
			children = (
				663DE9432856E15C00DED1E8 /* Preview Assets.xcassets */,
			);
			path = "Preview Content";
			sourceTree = "<group>";
		};
		663DE94A2856E1F700DED1E8 /* Views */ = {
			isa = PBXGroup;
			children = (
				663DE93E2856E15B00DED1E8 /* ContentView.swift */,
				663DE9502856EE4D00DED1E8 /* AddingGoalView.swift */,
				663DE94B2856E20300DED1E8 /* Helper Views */,
			);
			path = Views;
			sourceTree = "<group>";
		};
		663DE94B2856E20300DED1E8 /* Helper Views */ = {
			isa = PBXGroup;
			children = (
				663DE94C2856E34900DED1E8 /* GoalView.swift */,
				663DE94E2856E46E00DED1E8 /* Goal.swift */,
			);
			path = "Helper Views";
			sourceTree = "<group>";
		};
/* End PBXGroup section */

/* Begin PBXNativeTarget section */
		663DE9382856E15B00DED1E8 /* FinanceGoals */ = {
			isa = PBXNativeTarget;
			buildConfigurationList = 663DE9472856E15C00DED1E8 /* Build configuration list for PBXNativeTarget "FinanceGoals" */;
			buildPhases = (
				663DE9352856E15B00DED1E8 /* Sources */,
				663DE9362856E15B00DED1E8 /* Frameworks */,
				663DE9372856E15B00DED1E8 /* Resources */,
			);
			buildRules = (
			);
			dependencies = (
			);
			name = FinanceGoals;
			productName = FinanceGoals;
			productReference = 663DE9392856E15B00DED1E8 /* FinanceGoals.app */;
			productType = "com.apple.product-type.application";
		};
/* End PBXNativeTarget section */

/* Begin PBXProject section */
		663DE9312856E15B00DED1E8 /* Project object */ = {
			isa = PBXProject;
			attributes = {
				BuildIndependentTargetsInParallel = 1;
				LastSwiftUpdateCheck = 1340;
				LastUpgradeCheck = 1340;
				TargetAttributes = {
					663DE9382856E15B00DED1E8 = {
						CreatedOnToolsVersion = 13.4.1;
					};
				};
			};
			buildConfigurationList = 663DE9342856E15B00DED1E8 /* Build configuration list for PBXProject "FinanceGoals" */;
			compatibilityVersion = "Xcode 13.0";
			developmentRegion = en;
			hasScannedForEncodings = 0;
			knownRegions = (
				en,
				Base,
			);
			mainGroup = 663DE9302856E15B00DED1E8;
			productRefGroup = 663DE93A2856E15B00DED1E8 /* Products */;
			projectDirPath = "";
			projectRoot = "";
			targets = (
				663DE9382856E15B00DED1E8 /* FinanceGoals */,
			);
		};
/* End PBXProject section */

/* Begin PBXResourcesBuildPhase section */
		663DE9372856E15B00DED1E8 /* Resources */ = {
			isa = PBXResourcesBuildPhase;
			buildActionMask = 2147483647;
			files = (
				663DE9442856E15C00DED1E8 /* Preview Assets.xcassets in Resources */,
				663DE9412856E15C00DED1E8 /* Assets.xcassets in Resources */,
			);
			runOnlyForDeploymentPostprocessing = 0;
		};
/* End PBXResourcesBuildPhase section */

/* Begin PBXSourcesBuildPhase section */
		663DE9352856E15B00DED1E8 /* Sources */ = {
			isa = PBXSourcesBuildPhase;
			buildActionMask = 2147483647;
			files = (
				663DE9512856EE4D00DED1E8 /* AddingGoalView.swift in Sources */,
				663DE94F2856E46E00DED1E8 /* Goal.swift in Sources */,
				663DE93F2856E15B00DED1E8 /* ContentView.swift in Sources */,
				663DE94D2856E34900DED1E8 /* GoalView.swift in Sources */,
				663DE93D2856E15B00DED1E8 /* FinanceGoalsApp.swift in Sources */,
			);
			runOnlyForDeploymentPostprocessing = 0;
		};
/* End PBXSourcesBuildPhase section */

/* Begin XCBuildConfiguration section */
		663DE9452856E15C00DED1E8 /* Debug */ = {
			isa = XCBuildConfiguration;
			buildSettings = {
				ALWAYS_SEARCH_USER_PATHS = NO;
				CLANG_ANALYZER_NONNULL = YES;
				CLANG_ANALYZER_NUMBER_OBJECT_CONVERSION = YES_AGGRESSIVE;
				CLANG_CXX_LANGUAGE_STANDARD = "gnu++17";
				CLANG_ENABLE_MODULES = YES;
				CLANG_ENABLE_OBJC_ARC = YES;
				CLANG_ENABLE_OBJC_WEAK = YES;
				CLANG_WARN_BLOCK_CAPTURE_AUTORELEASING = YES;
				CLANG_WARN_BOOL_CONVERSION = YES;
				CLANG_WARN_COMMA = YES;
				CLANG_WARN_CONSTANT_CONVERSION = YES;
				CLANG_WARN_DEPRECATED_OBJC_IMPLEMENTATIONS = YES;
				CLANG_WARN_DIRECT_OBJC_ISA_USAGE = YES_ERROR;
				CLANG_WARN_DOCUMENTATION_COMMENTS = YES;
				CLANG_WARN_EMPTY_BODY = YES;
				CLANG_WARN_ENUM_CONVERSION = YES;
				CLANG_WARN_INFINITE_RECURSION = YES;
				CLANG_WARN_INT_CONVERSION = YES;
				CLANG_WARN_NON_LITERAL_NULL_CONVERSION = YES;
				CLANG_WARN_OBJC_IMPLICIT_RETAIN_SELF = YES;
				CLANG_WARN_OBJC_LITERAL_CONVERSION = YES;
				CLANG_WARN_OBJC_ROOT_CLASS = YES_ERROR;
				CLANG_WARN_QUOTED_INCLUDE_IN_FRAMEWORK_HEADER = YES;
				CLANG_WARN_RANGE_LOOP_ANALYSIS = YES;
				CLANG_WARN_STRICT_PROTOTYPES = YES;
				CLANG_WARN_SUSPICIOUS_MOVE = YES;
				CLANG_WARN_UNGUARDED_AVAILABILITY = YES_AGGRESSIVE;
				CLANG_WARN_UNREACHABLE_CODE = YES;
				CLANG_WARN__DUPLICATE_METHOD_MATCH = YES;
				COPY_PHASE_STRIP = NO;
				DEBUG_INFORMATION_FORMAT = dwarf;
				ENABLE_STRICT_OBJC_MSGSEND = YES;
				ENABLE_TESTABILITY = YES;
				GCC_C_LANGUAGE_STANDARD = gnu11;
				GCC_DYNAMIC_NO_PIC = NO;
				GCC_NO_COMMON_BLOCKS = YES;
				GCC_OPTIMIZATION_LEVEL = 0;
				GCC_PREPROCESSOR_DEFINITIONS = (
					"DEBUG=1",
					"$(inherited)",
				);
				GCC_WARN_64_TO_32_BIT_CONVERSION = YES;
				GCC_WARN_ABOUT_RETURN_TYPE = YES_ERROR;
				GCC_WARN_UNDECLARED_SELECTOR = YES;
				GCC_WARN_UNINITIALIZED_AUTOS = YES_AGGRESSIVE;
				GCC_WARN_UNUSED_FUNCTION = YES;
				GCC_WARN_UNUSED_VARIABLE = YES;
				IPHONEOS_DEPLOYMENT_TARGET = 15.5;
				MTL_ENABLE_DEBUG_INFO = INCLUDE_SOURCE;
				MTL_FAST_MATH = YES;
				ONLY_ACTIVE_ARCH = YES;
				SDKROOT = iphoneos;
				SWIFT_ACTIVE_COMPILATION_CONDITIONS = DEBUG;
				SWIFT_OPTIMIZATION_LEVEL = "-Onone";
			};
			name = Debug;
		};
		663DE9462856E15C00DED1E8 /* Release */ = {
			isa = XCBuildConfiguration;
			buildSettings = {
				ALWAYS_SEARCH_USER_PATHS = NO;
				CLANG_ANALYZER_NONNULL = YES;
				CLANG_ANALYZER_NUMBER_OBJECT_CONVERSION = YES_AGGRESSIVE;
				CLANG_CXX_LANGUAGE_STANDARD = "gnu++17";
				CLANG_ENABLE_MODULES = YES;
				CLANG_ENABLE_OBJC_ARC = YES;
				CLANG_ENABLE_OBJC_WEAK = YES;
				CLANG_WARN_BLOCK_CAPTURE_AUTORELEASING = YES;
				CLANG_WARN_BOOL_CONVERSION = YES;
				CLANG_WARN_COMMA = YES;
				CLANG_WARN_CONSTANT_CONVERSION = YES;
				CLANG_WARN_DEPRECATED_OBJC_IMPLEMENTATIONS = YES;
				CLANG_WARN_DIRECT_OBJC_ISA_USAGE = YES_ERROR;
				CLANG_WARN_DOCUMENTATION_COMMENTS = YES;
				CLANG_WARN_EMPTY_BODY = YES;
				CLANG_WARN_ENUM_CONVERSION = YES;
				CLANG_WARN_INFINITE_RECURSION = YES;
				CLANG_WARN_INT_CONVERSION = YES;
				CLANG_WARN_NON_LITERAL_NULL_CONVERSION = YES;
				CLANG_WARN_OBJC_IMPLICIT_RETAIN_SELF = YES;
				CLANG_WARN_OBJC_LITERAL_CONVERSION = YES;
				CLANG_WARN_OBJC_ROOT_CLASS = YES_ERROR;
				CLANG_WARN_QUOTED_INCLUDE_IN_FRAMEWORK_HEADER = YES;
				CLANG_WARN_RANGE_LOOP_ANALYSIS = YES;
				CLANG_WARN_STRICT_PROTOTYPES = YES;
				CLANG_WARN_SUSPICIOUS_MOVE = YES;
				CLANG_WARN_UNGUARDED_AVAILABILITY = YES_AGGRESSIVE;
				CLANG_WARN_UNREACHABLE_CODE = YES;
				CLANG_WARN__DUPLICATE_METHOD_MATCH = YES;
				COPY_PHASE_STRIP = NO;
				DEBUG_INFORMATION_FORMAT = "dwarf-with-dsym";
				ENABLE_NS_ASSERTIONS = NO;
				ENABLE_STRICT_OBJC_MSGSEND = YES;
				GCC_C_LANGUAGE_STANDARD = gnu11;
				GCC_NO_COMMON_BLOCKS = YES;
				GCC_WARN_64_TO_32_BIT_CONVERSION = YES;
				GCC_WARN_ABOUT_RETURN_TYPE = YES_ERROR;
				GCC_WARN_UNDECLARED_SELECTOR = YES;
				GCC_WARN_UNINITIALIZED_AUTOS = YES_AGGRESSIVE;
				GCC_WARN_UNUSED_FUNCTION = YES;
				GCC_WARN_UNUSED_VARIABLE = YES;
				IPHONEOS_DEPLOYMENT_TARGET = 15.5;
				MTL_ENABLE_DEBUG_INFO = NO;
				MTL_FAST_MATH = YES;
				SDKROOT = iphoneos;
				SWIFT_COMPILATION_MODE = wholemodule;
				SWIFT_OPTIMIZATION_LEVEL = "-O";
				VALIDATE_PRODUCT = YES;
			};
			name = Release;
		};
		663DE9482856E15C00DED1E8 /* Debug */ = {
			isa = XCBuildConfiguration;
			buildSettings = {
				ASSETCATALOG_COMPILER_APPICON_NAME = AppIcon;
				ASSETCATALOG_COMPILER_GLOBAL_ACCENT_COLOR_NAME = AccentColor;
				CODE_SIGN_STYLE = Automatic;
				CURRENT_PROJECT_VERSION = 1;
				DEVELOPMENT_ASSET_PATHS = "\"FinanceGoals/Preview Content\"";
				DEVELOPMENT_TEAM = 4FA46Q6PPA;
				ENABLE_PREVIEWS = YES;
				GENERATE_INFOPLIST_FILE = YES;
				INFOPLIST_KEY_UIApplicationSceneManifest_Generation = YES;
				INFOPLIST_KEY_UIApplicationSupportsIndirectInputEvents = YES;
				INFOPLIST_KEY_UILaunchScreen_Generation = YES;
				INFOPLIST_KEY_UISupportedInterfaceOrientations_iPad = "UIInterfaceOrientationPortrait UIInterfaceOrientationPortraitUpsideDown UIInterfaceOrientationLandscapeLeft UIInterfaceOrientationLandscapeRight";
				INFOPLIST_KEY_UISupportedInterfaceOrientations_iPhone = "UIInterfaceOrientationPortrait UIInterfaceOrientationLandscapeLeft UIInterfaceOrientationLandscapeRight";
				LD_RUNPATH_SEARCH_PATHS = (
					"$(inherited)",
					"@executable_path/Frameworks",
				);
				MARKETING_VERSION = 1.0;
				PRODUCT_BUNDLE_IDENTIFIER = CooperHopkins.FinanceGoals;
				PRODUCT_NAME = "$(TARGET_NAME)";
				SWIFT_EMIT_LOC_STRINGS = YES;
				SWIFT_VERSION = 5.0;
				TARGETED_DEVICE_FAMILY = "1,2";
			};
			name = Debug;
		};
		663DE9492856E15C00DED1E8 /* Release */ = {
			isa = XCBuildConfiguration;
			buildSettings = {
				ASSETCATALOG_COMPILER_APPICON_NAME = AppIcon;
				ASSETCATALOG_COMPILER_GLOBAL_ACCENT_COLOR_NAME = AccentColor;
				CODE_SIGN_STYLE = Automatic;
				CURRENT_PROJECT_VERSION = 1;
				DEVELOPMENT_ASSET_PATHS = "\"FinanceGoals/Preview Content\"";
				DEVELOPMENT_TEAM = 4FA46Q6PPA;
				ENABLE_PREVIEWS = YES;
				GENERATE_INFOPLIST_FILE = YES;
				INFOPLIST_KEY_UIApplicationSceneManifest_Generation = YES;
				INFOPLIST_KEY_UIApplicationSupportsIndirectInputEvents = YES;
				INFOPLIST_KEY_UILaunchScreen_Generation = YES;
				INFOPLIST_KEY_UISupportedInterfaceOrientations_iPad = "UIInterfaceOrientationPortrait UIInterfaceOrientationPortraitUpsideDown UIInterfaceOrientationLandscapeLeft UIInterfaceOrientationLandscapeRight";
				INFOPLIST_KEY_UISupportedInterfaceOrientations_iPhone = "UIInterfaceOrientationPortrait UIInterfaceOrientationLandscapeLeft UIInterfaceOrientationLandscapeRight";
				LD_RUNPATH_SEARCH_PATHS = (
					"$(inherited)",
					"@executable_path/Frameworks",
				);
				MARKETING_VERSION = 1.0;
				PRODUCT_BUNDLE_IDENTIFIER = CooperHopkins.FinanceGoals;
				PRODUCT_NAME = "$(TARGET_NAME)";
				SWIFT_EMIT_LOC_STRINGS = YES;
				SWIFT_VERSION = 5.0;
				TARGETED_DEVICE_FAMILY = "1,2";
			};
			name = Release;
		};
/* End XCBuildConfiguration section */

/* Begin XCConfigurationList section */
		663DE9342856E15B00DED1E8 /* Build configuration list for PBXProject "FinanceGoals" */ = {
			isa = XCConfigurationList;
			buildConfigurations = (
				663DE9452856E15C00DED1E8 /* Debug */,
				663DE9462856E15C00DED1E8 /* Release */,
			);
			defaultConfigurationIsVisible = 0;
			defaultConfigurationName = Release;
		};
		663DE9472856E15C00DED1E8 /* Build configuration list for PBXNativeTarget "FinanceGoals" */ = {
			isa = XCConfigurationList;
			buildConfigurations = (
				663DE9482856E15C00DED1E8 /* Debug */,
				663DE9492856E15C00DED1E8 /* Release */,
			);
			defaultConfigurationIsVisible = 0;
			defaultConfigurationName = Release;
		};
/* End XCConfigurationList section */
	};
	rootObject = 663DE9312856E15B00DED1E8 /* Project object */;
}
